
Microsoft Visual Studio Solution File, Format Version 12.00
# Visual Studio Version 16
VisualStudioVersion = 16.0.31515.178
MinimumVisualStudioVersion = 10.0.40219.1
Project("{8BC9CEB8-8B4A-11D0-8D11-00A0C91BC942}") = "Sharing Cookies", "Sharing Cookies\Sharing Cookies.vcxproj", "{879909E6-693A-4426-A6CD-1AFBE1607B58}"
EndProject
Global
	GlobalSection(SolutionConfigurationPlatforms) = preSolution
		Debug|x64 = Debug|x64
		Debug|x86 = Debug|x86
		Release|x64 = Release|x64
		Release|x86 = Release|x86
	EndGlobalSection
	GlobalSection(ProjectConfigurationPlatforms) = postSolution
		{879909E6-693A-4426-A6CD-1AFBE1607B58}.Debug|x64.ActiveCfg = Debug|x64
		{879909E6-693A-4426-A6CD-1AFBE1607B58}.Debug|x64.Build.0 = Debug|x64
		{879909E6-693A-4426-A6CD-1AFBE1607B58}.Debug|x86.ActiveCfg = Debug|Win32
		{879909E6-693A-4426-A6CD-1AFBE1607B58}.Debug|x86.Build.0 = Debug|Win32
		{879909E6-693A-4426-A6CD-1AFBE1607B58}.Release|x64.ActiveCfg = Release|x64
		{879909E6-693A-4426-A6CD-1AFBE1607B58}.Release|x64.Build.0 = Release|x64
		{879909E6-693A-4426-A6CD-1AFBE1607B58}.Release|x86.ActiveCfg = Release|Win32
		{879909E6-693A-4426-A6CD-1AFBE1607B58}.Release|x86.Build.0 = Release|Win32
	EndGlobalSection
	GlobalSection(SolutionProperties) = preSolution
		HideSolutionNode = FALSE
	EndGlobalSection
	GlobalSection(ExtensibilityGlobals) = postSolution
		SolutionGuid = {19745659-9327-451D-976B-2AFC4B6E5874}
	EndGlobalSection
EndGlobal
